// !$*UTF8*$!
{
	archiveVersion = 1;
	classes = {
	};
	objectVersion = 46;
	objects = {

/* Begin PBXBuildFile section */
		F0809E091C72B01B00780B6B /* main.m in Sources */ = {isa = PBXBuildFile; fileRef = F0809E081C72B01B00780B6B /* main.m */; };
		F0809E0C1C72B01B00780B6B /* AppDelegate.m in Sources */ = {isa = PBXBuildFile; fileRef = F0809E0B1C72B01B00780B6B /* AppDelegate.m */; };
		F0809E0F1C72B01B00780B6B /* ViewController.m in Sources */ = {isa = PBXBuildFile; fileRef = F0809E0E1C72B01B00780B6B /* ViewController.m */; };
		F0809E121C72B01B00780B6B /* Main.storyboard in Resources */ = {isa = PBXBuildFile; fileRef = F0809E101C72B01B00780B6B /* Main.storyboard */; };
		F0809E141C72B01B00780B6B /* Assets.xcassets in Resources */ = {isa = PBXBuildFile; fileRef = F0809E131C72B01B00780B6B /* Assets.xcassets */; };
		F0809E171C72B01B00780B6B /* LaunchScreen.storyboard in Resources */ = {isa = PBXBuildFile; fileRef = F0809E151C72B01B00780B6B /* LaunchScreen.storyboard */; };
		F0809E221C72B01B00780B6B /* MQImageCropperViewControllerTests.m in Sources */ = {isa = PBXBuildFile; fileRef = F0809E211C72B01B00780B6B /* MQImageCropperViewControllerTests.m */; };
		F0809E2D1C72B01B00780B6B /* MQImageCropperViewControllerUITests.m in Sources */ = {isa = PBXBuildFile; fileRef = F0809E2C1C72B01B00780B6B /* MQImageCropperViewControllerUITests.m */; };
		F0809E3D1C72B17400780B6B /* MQImageCropperViewController.m in Sources */ = {isa = PBXBuildFile; fileRef = F0809E3C1C72B17400780B6B /* MQImageCropperViewController.m */; };
/* End PBXBuildFile section */

/* Begin PBXContainerItemProxy section */
		F0809E1E1C72B01B00780B6B /* PBXContainerItemProxy */ = {
			isa = PBXContainerItemProxy;
			containerPortal = F0809DFC1C72B01B00780B6B /* Project object */;
			proxyType = 1;
			remoteGlobalIDString = F0809E031C72B01B00780B6B;
			remoteInfo = MQImageCropperViewController;
		};
		F0809E291C72B01B00780B6B /* PBXContainerItemProxy */ = {
			isa = PBXContainerItemProxy;
			containerPortal = F0809DFC1C72B01B00780B6B /* Project object */;
			proxyType = 1;
			remoteGlobalIDString = F0809E031C72B01B00780B6B;
			remoteInfo = MQImageCropperViewController;
		};
/* End PBXContainerItemProxy section */

/* Begin PBXFileReference section */
		F0809E041C72B01B00780B6B /* MQImageCropperViewController.app */ = {isa = PBXFileReference; explicitFileType = wrapper.application; includeInIndex = 0; path = MQImageCropperViewController.app; sourceTree = BUILT_PRODUCTS_DIR; };
		F0809E081C72B01B00780B6B /* main.m */ = {isa = PBXFileReference; lastKnownFileType = sourcecode.c.objc; path = main.m; sourceTree = "<group>"; };
		F0809E0A1C72B01B00780B6B /* AppDelegate.h */ = {isa = PBXFileReference; lastKnownFileType = sourcecode.c.h; path = AppDelegate.h; sourceTree = "<group>"; };
		F0809E0B1C72B01B00780B6B /* AppDelegate.m */ = {isa = PBXFileReference; lastKnownFileType = sourcecode.c.objc; path = AppDelegate.m; sourceTree = "<group>"; };
		F0809E0D1C72B01B00780B6B /* ViewController.h */ = {isa = PBXFileReference; lastKnownFileType = sourcecode.c.h; path = ViewController.h; sourceTree = "<group>"; };
		F0809E0E1C72B01B00780B6B /* ViewController.m */ = {isa = PBXFileReference; lastKnownFileType = sourcecode.c.objc; path = ViewController.m; sourceTree = "<group>"; };
		F0809E111C72B01B00780B6B /* Base */ = {isa = PBXFileReference; lastKnownFileType = file.storyboard; name = Base; path = Base.lproj/Main.storyboard; sourceTree = "<group>"; };
		F0809E131C72B01B00780B6B /* Assets.xcassets */ = {isa = PBXFileReference; lastKnownFileType = folder.assetcatalog; path = Assets.xcassets; sourceTree = "<group>"; };
		F0809E161C72B01B00780B6B /* Base */ = {isa = PBXFileReference; lastKnownFileType = file.storyboard; name = Base; path = Base.lproj/LaunchScreen.storyboard; sourceTree = "<group>"; };
		F0809E181C72B01B00780B6B /* Info.plist */ = {isa = PBXFileReference; lastKnownFileType = text.plist.xml; path = Info.plist; sourceTree = "<group>"; };
		F0809E1D1C72B01B00780B6B /* MQImageCropperViewControllerTests.xctest */ = {isa = PBXFileReference; explicitFileType = wrapper.cfbundle; includeInIndex = 0; path = MQImageCropperViewControllerTests.xctest; sourceTree = BUILT_PRODUCTS_DIR; };
		F0809E211C72B01B00780B6B /* MQImageCropperViewControllerTests.m */ = {isa = PBXFileReference; lastKnownFileType = sourcecode.c.objc; path = MQImageCropperViewControllerTests.m; sourceTree = "<group>"; };
		F0809E231C72B01B00780B6B /* Info.plist */ = {isa = PBXFileReference; lastKnownFileType = text.plist.xml; path = Info.plist; sourceTree = "<group>"; };
		F0809E281C72B01B00780B6B /* MQImageCropperViewControllerUITests.xctest */ = {isa = PBXFileReference; explicitFileType = wrapper.cfbundle; includeInIndex = 0; path = MQImageCropperViewControllerUITests.xctest; sourceTree = BUILT_PRODUCTS_DIR; };
		F0809E2C1C72B01B00780B6B /* MQImageCropperViewControllerUITests.m */ = {isa = PBXFileReference; lastKnownFileType = sourcecode.c.objc; path = MQImageCropperViewControllerUITests.m; sourceTree = "<group>"; };
		F0809E2E1C72B01B00780B6B /* Info.plist */ = {isa = PBXFileReference; lastKnownFileType = text.plist.xml; path = Info.plist; sourceTree = "<group>"; };
		F0809E3B1C72B17400780B6B /* MQImageCropperViewController.h */ = {isa = PBXFileReference; fileEncoding = 4; lastKnownFileType = sourcecode.c.h; path = MQImageCropperViewController.h; sourceTree = "<group>"; };
		F0809E3C1C72B17400780B6B /* MQImageCropperViewController.m */ = {isa = PBXFileReference; fileEncoding = 4; lastKnownFileType = sourcecode.c.objc; path = MQImageCropperViewController.m; sourceTree = "<group>"; };
/* End PBXFileReference section */

/* Begin PBXFrameworksBuildPhase section */
		F0809E011C72B01B00780B6B /* Frameworks */ = {
			isa = PBXFrameworksBuildPhase;
			buildActionMask = 2147483647;
			files = (
			);
			runOnlyForDeploymentPostprocessing = 0;
		};
		F0809E1A1C72B01B00780B6B /* Frameworks */ = {
			isa = PBXFrameworksBuildPhase;
			buildActionMask = 2147483647;
			files = (
			);
			runOnlyForDeploymentPostprocessing = 0;
		};
		F0809E251C72B01B00780B6B /* Frameworks */ = {
			isa = PBXFrameworksBuildPhase;
			buildActionMask = 2147483647;
			files = (
			);
			runOnlyForDeploymentPostprocessing = 0;
		};
/* End PBXFrameworksBuildPhase section */

/* Begin PBXGroup section */
		F0809DFB1C72B01B00780B6B = {
			isa = PBXGroup;
			children = (
				F0809E061C72B01B00780B6B /* MQImageCropperViewController */,
				F0809E201C72B01B00780B6B /* MQImageCropperViewControllerTests */,
				F0809E2B1C72B01B00780B6B /* MQImageCropperViewControllerUITests */,
				F0809E051C72B01B00780B6B /* Products */,
			);
			sourceTree = "<group>";
		};
		F0809E051C72B01B00780B6B /* Products */ = {
			isa = PBXGroup;
			children = (
				F0809E041C72B01B00780B6B /* MQImageCropperViewController.app */,
				F0809E1D1C72B01B00780B6B /* MQImageCropperViewControllerTests.xctest */,
				F0809E281C72B01B00780B6B /* MQImageCropperViewControllerUITests.xctest */,
			);
			name = Products;
			sourceTree = "<group>";
		};
		F0809E061C72B01B00780B6B /* MQImageCropperViewController */ = {
			isa = PBXGroup;
			children = (
				F0809E3A1C72B14300780B6B /* MQImageCropperViewController */,
				F0809E0A1C72B01B00780B6B /* AppDelegate.h */,
				F0809E0B1C72B01B00780B6B /* AppDelegate.m */,
				F0809E0D1C72B01B00780B6B /* ViewController.h */,
				F0809E0E1C72B01B00780B6B /* ViewController.m */,
				F0809E101C72B01B00780B6B /* Main.storyboard */,
				F0809E131C72B01B00780B6B /* Assets.xcassets */,
				F0809E151C72B01B00780B6B /* LaunchScreen.storyboard */,
				F0809E181C72B01B00780B6B /* Info.plist */,
				F0809E071C72B01B00780B6B /* Supporting Files */,
			);
			path = MQImageCropperViewController;
			sourceTree = "<group>";
		};
		F0809E071C72B01B00780B6B /* Supporting Files */ = {
			isa = PBXGroup;
			children = (
				F0809E081C72B01B00780B6B /* main.m */,
			);
			name = "Supporting Files";
			sourceTree = "<group>";
		};
		F0809E201C72B01B00780B6B /* MQImageCropperViewControllerTests */ = {
			isa = PBXGroup;
			children = (
				F0809E211C72B01B00780B6B /* MQImageCropperViewControllerTests.m */,
				F0809E231C72B01B00780B6B /* Info.plist */,
			);
			path = MQImageCropperViewControllerTests;
			sourceTree = "<group>";
		};
		F0809E2B1C72B01B00780B6B /* MQImageCropperViewControllerUITests */ = {
			isa = PBXGroup;
			children = (
				F0809E2C1C72B01B00780B6B /* MQImageCropperViewControllerUITests.m */,
				F0809E2E1C72B01B00780B6B /* Info.plist */,
			);
			path = MQImageCropperViewControllerUITests;
			sourceTree = "<group>";
		};
		F0809E3A1C72B14300780B6B /* MQImageCropperViewController */ = {
			isa = PBXGroup;
			children = (
				F0809E3B1C72B17400780B6B /* MQImageCropperViewController.h */,
				F0809E3C1C72B17400780B6B /* MQImageCropperViewController.m */,
			);
			path = MQImageCropperViewController;
			sourceTree = "<group>";
		};
/* End PBXGroup section */

/* Begin PBXNativeTarget section */
		F0809E031C72B01B00780B6B /* MQImageCropperViewController */ = {
			isa = PBXNativeTarget;
			buildConfigurationList = F0809E311C72B01B00780B6B /* Build configuration list for PBXNativeTarget "MQImageCropperViewController" */;
			buildPhases = (
				F0809E001C72B01B00780B6B /* Sources */,
				F0809E011C72B01B00780B6B /* Frameworks */,
				F0809E021C72B01B00780B6B /* Resources */,
			);
			buildRules = (
			);
			dependencies = (
			);
			name = MQImageCropperViewController;
			productName = MQImageCropperViewController;
			productReference = F0809E041C72B01B00780B6B /* MQImageCropperViewController.app */;
			productType = "com.apple.product-type.application";
		};
		F0809E1C1C72B01B00780B6B /* MQImageCropperViewControllerTests */ = {
			isa = PBXNativeTarget;
			buildConfigurationList = F0809E341C72B01B00780B6B /* Build configuration list for PBXNativeTarget "MQImageCropperViewControllerTests" */;
			buildPhases = (
				F0809E191C72B01B00780B6B /* Sources */,
				F0809E1A1C72B01B00780B6B /* Frameworks */,
				F0809E1B1C72B01B00780B6B /* Resources */,
			);
			buildRules = (
			);
			dependencies = (
				F0809E1F1C72B01B00780B6B /* PBXTargetDependency */,
			);
			name = MQImageCropperViewControllerTests;
			productName = MQImageCropperViewControllerTests;
			productReference = F0809E1D1C72B01B00780B6B /* MQImageCropperViewControllerTests.xctest */;
			productType = "com.apple.product-type.bundle.unit-test";
		};
		F0809E271C72B01B00780B6B /* MQImageCropperViewControllerUITests */ = {
			isa = PBXNativeTarget;
			buildConfigurationList = F0809E371C72B01B00780B6B /* Build configuration list for PBXNativeTarget "MQImageCropperViewControllerUITests" */;
			buildPhases = (
				F0809E241C72B01B00780B6B /* Sources */,
				F0809E251C72B01B00780B6B /* Frameworks */,
				F0809E261C72B01B00780B6B /* Resources */,
			);
			buildRules = (
			);
			dependencies = (
				F0809E2A1C72B01B00780B6B /* PBXTargetDependency */,
			);
			name = MQImageCropperViewControllerUITests;
			productName = MQImageCropperViewControllerUITests;
			productReference = F0809E281C72B01B00780B6B /* MQImageCropperViewControllerUITests.xctest */;
			productType = "com.apple.product-type.bundle.ui-testing";
		};
/* End PBXNativeTarget section */

/* Begin PBXProject section */
		F0809DFC1C72B01B00780B6B /* Project object */ = {
			isa = PBXProject;
			attributes = {
				LastUpgradeCheck = 0720;
				ORGANIZATIONNAME = fansz;
				TargetAttributes = {
					F0809E031C72B01B00780B6B = {
						CreatedOnToolsVersion = 7.2;
					};
					F0809E1C1C72B01B00780B6B = {
						CreatedOnToolsVersion = 7.2;
						TestTargetID = F0809E031C72B01B00780B6B;
					};
					F0809E271C72B01B00780B6B = {
						CreatedOnToolsVersion = 7.2;
						TestTargetID = F0809E031C72B01B00780B6B;
					};
				};
			};
			buildConfigurationList = F0809DFF1C72B01B00780B6B /* Build configuration list for PBXProject "MQImageCropperViewController" */;
			compatibilityVersion = "Xcode 3.2";
			developmentRegion = English;
			hasScannedForEncodings = 0;
			knownRegions = (
				en,
				Base,
			);
			mainGroup = F0809DFB1C72B01B00780B6B;
			productRefGroup = F0809E051C72B01B00780B6B /* Products */;
			projectDirPath = "";
			projectRoot = "";
			targets = (
				F0809E031C72B01B00780B6B /* MQImageCropperViewController */,
				F0809E1C1C72B01B00780B6B /* MQImageCropperViewControllerTests */,
				F0809E271C72B01B00780B6B /* MQImageCropperViewControllerUITests */,
			);
		};
/* End PBXProject section */

/* Begin PBXResourcesBuildPhase section */
		F0809E021C72B01B00780B6B /* Resources */ = {
			isa = PBXResourcesBuildPhase;
			buildActionMask = 2147483647;
			files = (
				F0809E171C72B01B00780B6B /* LaunchScreen.storyboard in Resources */,
				F0809E141C72B01B00780B6B /* Assets.xcassets in Resources */,
				F0809E121C72B01B00780B6B /* Main.storyboard in Resources */,
			);
			runOnlyForDeploymentPostprocessing = 0;
		};
		F0809E1B1C72B01B00780B6B /* Resources */ = {
			isa = PBXResourcesBuildPhase;
			buildActionMask = 2147483647;
			files = (
			);
			runOnlyForDeploymentPostprocessing = 0;
		};
		F0809E261C72B01B00780B6B /* Resources */ = {
			isa = PBXResourcesBuildPhase;
			buildActionMask = 2147483647;
			files = (
			);
			runOnlyForDeploymentPostprocessing = 0;
		};
/* End PBXResourcesBuildPhase section */

/* Begin PBXSourcesBuildPhase section */
		F0809E001C72B01B00780B6B /* Sources */ = {
			isa = PBXSourcesBuildPhase;
			buildActionMask = 2147483647;
			files = (
				F0809E3D1C72B17400780B6B /* MQImageCropperViewController.m in Sources */,
				F0809E0F1C72B01B00780B6B /* ViewController.m in Sources */,
				F0809E0C1C72B01B00780B6B /* AppDelegate.m in Sources */,
				F0809E091C72B01B00780B6B /* main.m in Sources */,
			);
			runOnlyForDeploymentPostprocessing = 0;
		};
		F0809E191C72B01B00780B6B /* Sources */ = {
			isa = PBXSourcesBuildPhase;
			buildActionMask = 2147483647;
			files = (
				F0809E221C72B01B00780B6B /* MQImageCropperViewControllerTests.m in Sources */,
			);
			runOnlyForDeploymentPostprocessing = 0;
		};
		F0809E241C72B01B00780B6B /* Sources */ = {
			isa = PBXSourcesBuildPhase;
			buildActionMask = 2147483647;
			files = (
				F0809E2D1C72B01B00780B6B /* MQImageCropperViewControllerUITests.m in Sources */,
			);
			runOnlyForDeploymentPostprocessing = 0;
		};
/* End PBXSourcesBuildPhase section */

/* Begin PBXTargetDependency section */
		F0809E1F1C72B01B00780B6B /* PBXTargetDependency */ = {
			isa = PBXTargetDependency;
			target = F0809E031C72B01B00780B6B /* MQImageCropperViewController */;
			targetProxy = F0809E1E1C72B01B00780B6B /* PBXContainerItemProxy */;
		};
		F0809E2A1C72B01B00780B6B /* PBXTargetDependency */ = {
			isa = PBXTargetDependency;
			target = F0809E031C72B01B00780B6B /* MQImageCropperViewController */;
			targetProxy = F0809E291C72B01B00780B6B /* PBXContainerItemProxy */;
		};
/* End PBXTargetDependency section */

/* Begin PBXVariantGroup section */
		F0809E101C72B01B00780B6B /* Main.storyboard */ = {
			isa = PBXVariantGroup;
			children = (
				F0809E111C72B01B00780B6B /* Base */,
			);
			name = Main.storyboard;
			sourceTree = "<group>";
		};
		F0809E151C72B01B00780B6B /* LaunchScreen.storyboard */ = {
			isa = PBXVariantGroup;
			children = (
				F0809E161C72B01B00780B6B /* Base */,
			);
			name = LaunchScreen.storyboard;
			sourceTree = "<group>";
		};
/* End PBXVariantGroup section */

/* Begin XCBuildConfiguration section */
		F0809E2F1C72B01B00780B6B /* Debug */ = {
			isa = XCBuildConfiguration;
			buildSettings = {
				ALWAYS_SEARCH_USER_PATHS = NO;
				CLANG_CXX_LANGUAGE_STANDARD = "gnu++0x";
				CLANG_CXX_LIBRARY = "libc++";
				CLANG_ENABLE_MODULES = YES;
				CLANG_ENABLE_OBJC_ARC = YES;
				CLANG_WARN_BOOL_CONVERSION = YES;
				CLANG_WARN_CONSTANT_CONVERSION = YES;
				CLANG_WARN_DIRECT_OBJC_ISA_USAGE = YES_ERROR;
				CLANG_WARN_EMPTY_BODY = YES;
				CLANG_WARN_ENUM_CONVERSION = YES;
				CLANG_WARN_INT_CONVERSION = YES;
				CLANG_WARN_OBJC_ROOT_CLASS = YES_ERROR;
				CLANG_WARN_UNREACHABLE_CODE = YES;
				CLANG_WARN__DUPLICATE_METHOD_MATCH = YES;
				"CODE_SIGN_IDENTITY[sdk=iphoneos*]" = "iPhone Developer";
				COPY_PHASE_STRIP = NO;
				DEBUG_INFORMATION_FORMAT = dwarf;
				ENABLE_STRICT_OBJC_MSGSEND = YES;
				ENABLE_TESTABILITY = YES;
				GCC_C_LANGUAGE_STANDARD = gnu99;
				GCC_DYNAMIC_NO_PIC = NO;
				GCC_NO_COMMON_BLOCKS = YES;
				GCC_OPTIMIZATION_LEVEL = 0;
				GCC_PREPROCESSOR_DEFINITIONS = (
					"DEBUG=1",
					"$(inherited)",
				);
				GCC_WARN_64_TO_32_BIT_CONVERSION = YES;
				GCC_WARN_ABOUT_RETURN_TYPE = YES_ERROR;
				GCC_WARN_UNDECLARED_SELECTOR = YES;
				GCC_WARN_UNINITIALIZED_AUTOS = YES_AGGRESSIVE;
				GCC_WARN_UNUSED_FUNCTION = YES;
				GCC_WARN_UNUSED_VARIABLE = YES;
				IPHONEOS_DEPLOYMENT_TARGET = 9.2;
				MTL_ENABLE_DEBUG_INFO = YES;
				ONLY_ACTIVE_ARCH = YES;
				SDKROOT = iphoneos;
				TARGETED_DEVICE_FAMILY = "1,2";
			};
			name = Debug;
		};
		F0809E301C72B01B00780B6B /* Release */ = {
			isa = XCBuildConfiguration;
			buildSettings = {
				ALWAYS_SEARCH_USER_PATHS = NO;
				CLANG_CXX_LANGUAGE_STANDARD = "gnu++0x";
				CLANG_CXX_LIBRARY = "libc++";
				CLANG_ENABLE_MODULES = YES;
				CLANG_ENABLE_OBJC_ARC = YES;
				CLANG_WARN_BOOL_CONVERSION = YES;
				CLANG_WARN_CONSTANT_CONVERSION = YES;
				CLANG_WARN_DIRECT_OBJC_ISA_USAGE = YES_ERROR;
				CLANG_WARN_EMPTY_BODY = YES;
				CLANG_WARN_ENUM_CONVERSION = YES;
				CLANG_WARN_INT_CONVERSION = YES;
				CLANG_WARN_OBJC_ROOT_CLASS = YES_ERROR;
				CLANG_WARN_UNREACHABLE_CODE = YES;
				CLANG_WARN__DUPLICATE_METHOD_MATCH = YES;
				"CODE_SIGN_IDENTITY[sdk=iphoneos*]" = "iPhone Developer";
				COPY_PHASE_STRIP = NO;
				DEBUG_INFORMATION_FORMAT = "dwarf-with-dsym";
				ENABLE_NS_ASSERTIONS = NO;
				ENABLE_STRICT_OBJC_MSGSEND = YES;
				GCC_C_LANGUAGE_STANDARD = gnu99;
				GCC_NO_COMMON_BLOCKS = YES;
				GCC_WARN_64_TO_32_BIT_CONVERSION = YES;
				GCC_WARN_ABOUT_RETURN_TYPE = YES_ERROR;
				GCC_WARN_UNDECLARED_SELECTOR = YES;
				GCC_WARN_UNINITIALIZED_AUTOS = YES_AGGRESSIVE;
				GCC_WARN_UNUSED_FUNCTION = YES;
				GCC_WARN_UNUSED_VARIABLE = YES;
				IPHONEOS_DEPLOYMENT_TARGET = 9.2;
				MTL_ENABLE_DEBUG_INFO = NO;
				SDKROOT = iphoneos;
				TARGETED_DEVICE_FAMILY = "1,2";
				VALIDATE_PRODUCT = YES;
			};
			name = Release;
		};
		F0809E321C72B01B00780B6B /* Debug */ = {
			isa = XCBuildConfiguration;
			buildSettings = {
				ASSETCATALOG_COMPILER_APPICON_NAME = AppIcon;
				INFOPLIST_FILE = MQImageCropperViewController/Info.plist;
				LD_RUNPATH_SEARCH_PATHS = "$(inherited) @executable_path/Frameworks";
				PRODUCT_BUNDLE_IDENTIFIER = com.fansz.MQImageCropperViewController;
				PRODUCT_NAME = "$(TARGET_NAME)";
			};
			name = Debug;
		};
		F0809E331C72B01B00780B6B /* Release */ = {
			isa = XCBuildConfiguration;
			buildSettings = {
				ASSETCATALOG_COMPILER_APPICON_NAME = AppIcon;
				INFOPLIST_FILE = MQImageCropperViewController/Info.plist;
				LD_RUNPATH_SEARCH_PATHS = "$(inherited) @executable_path/Frameworks";
				PRODUCT_BUNDLE_IDENTIFIER = com.fansz.MQImageCropperViewController;
				PRODUCT_NAME = "$(TARGET_NAME)";
			};
			name = Release;
		};
		F0809E351C72B01B00780B6B /* Debug */ = {
			isa = XCBuildConfiguration;
			buildSettings = {
				BUNDLE_LOADER = "$(TEST_HOST)";
				INFOPLIST_FILE = MQImageCropperViewControllerTests/Info.plist;
				LD_RUNPATH_SEARCH_PATHS = "$(inherited) @executable_path/Frameworks @loader_path/Frameworks";
				PRODUCT_BUNDLE_IDENTIFIER = com.fansz.MQImageCropperViewControllerTests;
				PRODUCT_NAME = "$(TARGET_NAME)";
				TEST_HOST = "$(BUILT_PRODUCTS_DIR)/MQImageCropperViewController.app/MQImageCropperViewController";
			};
			name = Debug;
		};
		F0809E361C72B01B00780B6B /* Release */ = {
			isa = XCBuildConfiguration;
			buildSettings = {
				BUNDLE_LOADER = "$(TEST_HOST)";
				INFOPLIST_FILE = MQImageCropperViewControllerTests/Info.plist;
				LD_RUNPATH_SEARCH_PATHS = "$(inherited) @executable_path/Frameworks @loader_path/Frameworks";
				PRODUCT_BUNDLE_IDENTIFIER = com.fansz.MQImageCropperViewControllerTests;
				PRODUCT_NAME = "$(TARGET_NAME)";
				TEST_HOST = "$(BUILT_PRODUCTS_DIR)/MQImageCropperViewController.app/MQImageCropperViewController";
			};
			name = Release;
		};
		F0809E381C72B01B00780B6B /* Debug */ = {
			isa = XCBuildConfiguration;
			buildSettings = {
				INFOPLIST_FILE = MQImageCropperViewControllerUITests/Info.plist;
				LD_RUNPATH_SEARCH_PATHS = "$(inherited) @executable_path/Frameworks @loader_path/Frameworks";
				PRODUCT_BUNDLE_IDENTIFIER = com.fansz.MQImageCropperViewControllerUITests;
				PRODUCT_NAME = "$(TARGET_NAME)";
				TEST_TARGET_NAME = MQImageCropperViewController;
				USES_XCTRUNNER = YES;
			};
			name = Debug;
		};
		F0809E391C72B01B00780B6B /* Release */ = {
			isa = XCBuildConfiguration;
			buildSettings = {
				INFOPLIST_FILE = MQImageCropperViewControllerUITests/Info.plist;
				LD_RUNPATH_SEARCH_PATHS = "$(inherited) @executable_path/Frameworks @loader_path/Frameworks";
				PRODUCT_BUNDLE_IDENTIFIER = com.fansz.MQImageCropperViewControllerUITests;
				PRODUCT_NAME = "$(TARGET_NAME)";
				TEST_TARGET_NAME = MQImageCropperViewController;
				USES_XCTRUNNER = YES;
			};
			name = Release;
		};
/* End XCBuildConfiguration section */

/* Begin XCConfigurationList section */
		F0809DFF1C72B01B00780B6B /* Build configuration list for PBXProject "MQImageCropperViewController" */ = {
			isa = XCConfigurationList;
			buildConfigurations = (
				F0809E2F1C72B01B00780B6B /* Debug */,
				F0809E301C72B01B00780B6B /* Release */,
			);
			defaultConfigurationIsVisible = 0;
			defaultConfigurationName = Release;
		};
		F0809E311C72B01B00780B6B /* Build configuration list for PBXNativeTarget "MQImageCropperViewController" */ = {
			isa = XCConfigurationList;
			buildConfigurations = (
				F0809E321C72B01B00780B6B /* Debug */,
				F0809E331C72B01B00780B6B /* Release */,
			);
			defaultConfigurationIsVisible = 0;
		};
		F0809E341C72B01B00780B6B /* Build configuration list for PBXNativeTarget "MQImageCropperViewControllerTests" */ = {
			isa = XCConfigurationList;
			buildConfigurations = (
				F0809E351C72B01B00780B6B /* Debug */,
				F0809E361C72B01B00780B6B /* Release */,
			);
			defaultConfigurationIsVisible = 0;
		};
		F0809E371C72B01B00780B6B /* Build configuration list for PBXNativeTarget "MQImageCropperViewControllerUITests" */ = {
			isa = XCConfigurationList;
			buildConfigurations = (
				F0809E381C72B01B00780B6B /* Debug */,
				F0809E391C72B01B00780B6B /* Release */,
			);
			defaultConfigurationIsVisible = 0;
		};
/* End XCConfigurationList section */
	};
	rootObject = F0809DFC1C72B01B00780B6B /* Project object */;
}
